
Microsoft Visual Studio Solution File, Format Version 12.00
# Visual Studio 2012
Project("{FAE04EC0-301F-11D3-BF4B-00C04F79EFBC}") = "Mobius.iOS", "Mobius.iOS.csproj", "{29464A62-0B91-4A9B-A9DC-0C2445C335D8}"
EndProject
Global
	GlobalSection(SolutionConfigurationPlatforms) = preSolution
		Debug|iPhoneSimulator = Debug|iPhoneSimulator
		Release|iPhone = Release|iPhone
		Release|iPhoneSimulator = Release|iPhoneSimulator
		Debug|iPhone = Debug|iPhone
	EndGlobalSection
	GlobalSection(ProjectConfigurationPlatforms) = postSolution
		{29464A62-0B91-4A9B-A9DC-0C2445C335D8}.Debug|iPhoneSimulator.ActiveCfg = Debug|iPhoneSimulator
		{29464A62-0B91-4A9B-A9DC-0C2445C335D8}.Debug|iPhoneSimulator.Build.0 = Debug|iPhoneSimulator
		{29464A62-0B91-4A9B-A9DC-0C2445C335D8}.Release|iPhone.ActiveCfg = Release|iPhone
		{29464A62-0B91-4A9B-A9DC-0C2445C335D8}.Release|iPhone.Build.0 = Release|iPhone
		{29464A62-0B91-4A9B-A9DC-0C2445C335D8}.Release|iPhoneSimulator.ActiveCfg = Release|iPhoneSimulator
		{29464A62-0B91-4A9B-A9DC-0C2445C335D8}.Release|iPhoneSimulator.Build.0 = Release|iPhoneSimulator
		{29464A62-0B91-4A9B-A9DC-0C2445C335D8}.Debug|iPhone.ActiveCfg = Debug|iPhone
		{29464A62-0B91-4A9B-A9DC-0C2445C335D8}.Debug|iPhone.Build.0 = Debug|iPhone
	EndGlobalSection
EndGlobal
